// !$*UTF8*$!
{
	archiveVersion = 1;
	classes = {
	};
	objectVersion = 55;
	objects = {

/* Begin PBXBuildFile section */
		18E8B56E28B66FBA001A11BC /* AppDelegate.swift in Sources */ = {isa = PBXBuildFile; fileRef = 18E8B56D28B66FBA001A11BC /* AppDelegate.swift */; };
		18E8B57028B66FBA001A11BC /* SceneDelegate.swift in Sources */ = {isa = PBXBuildFile; fileRef = 18E8B56F28B66FBA001A11BC /* SceneDelegate.swift */; };
		18E8B57528B66FBA001A11BC /* Main.storyboard in Resources */ = {isa = PBXBuildFile; fileRef = 18E8B57328B66FBA001A11BC /* Main.storyboard */; };
		18E8B57728B66FBC001A11BC /* Assets.xcassets in Resources */ = {isa = PBXBuildFile; fileRef = 18E8B57628B66FBC001A11BC /* Assets.xcassets */; };
		18E8B57A28B66FBC001A11BC /* LaunchScreen.storyboard in Resources */ = {isa = PBXBuildFile; fileRef = 18E8B57828B66FBC001A11BC /* LaunchScreen.storyboard */; };
		18E8B58728B67333001A11BC /* DataMeals.swift in Sources */ = {isa = PBXBuildFile; fileRef = 18E8B58628B67333001A11BC /* DataMeals.swift */; };
		18E8B58928B6737D001A11BC /* Meal.swift in Sources */ = {isa = PBXBuildFile; fileRef = 18E8B58828B6737D001A11BC /* Meal.swift */; };
		18E8B58B28B67628001A11BC /* Feedback.swift in Sources */ = {isa = PBXBuildFile; fileRef = 18E8B58A28B67628001A11BC /* Feedback.swift */; };
		18E8B58D28B676EB001A11BC /* Mark.swift in Sources */ = {isa = PBXBuildFile; fileRef = 18E8B58C28B676EB001A11BC /* Mark.swift */; };
		18E8B59128B6839A001A11BC /* MealsTableViewController.swift in Sources */ = {isa = PBXBuildFile; fileRef = 18E8B59028B6839A001A11BC /* MealsTableViewController.swift */; };
		18E8B59928B68508001A11BC /* MealTableViewCell.swift in Sources */ = {isa = PBXBuildFile; fileRef = 18E8B59728B68508001A11BC /* MealTableViewCell.swift */; };
		18E8B59A28B68508001A11BC /* MealTableViewCell.xib in Resources */ = {isa = PBXBuildFile; fileRef = 18E8B59828B68508001A11BC /* MealTableViewCell.xib */; };
		18E8B59E28B69C60001A11BC /* DetailMealViewController.swift in Sources */ = {isa = PBXBuildFile; fileRef = 18E8B59D28B69C60001A11BC /* DetailMealViewController.swift */; };
		18E8B5A028B6B0E4001A11BC /* FeedbackViewController.swift in Sources */ = {isa = PBXBuildFile; fileRef = 18E8B59F28B6B0E4001A11BC /* FeedbackViewController.swift */; };
		18E8B5A528B79277001A11BC /* ReviewTableViewController.swift in Sources */ = {isa = PBXBuildFile; fileRef = 18E8B5A428B79277001A11BC /* ReviewTableViewController.swift */; };
		18E8B5A828B7930E001A11BC /* ReviewTableViewCell.swift in Sources */ = {isa = PBXBuildFile; fileRef = 18E8B5A628B7930E001A11BC /* ReviewTableViewCell.swift */; };
		18E8B5A928B7930E001A11BC /* ReviewTableViewCell.xib in Resources */ = {isa = PBXBuildFile; fileRef = 18E8B5A728B7930E001A11BC /* ReviewTableViewCell.xib */; };
		18E8B5AC28B7D3AE001A11BC /* DetailReviewViewController.swift in Sources */ = {isa = PBXBuildFile; fileRef = 18E8B5AB28B7D3AD001A11BC /* DetailReviewViewController.swift */; };
/* End PBXBuildFile section */

/* Begin PBXFileReference section */
		18E8B56A28B66FBA001A11BC /* MVC App.app */ = {isa = PBXFileReference; explicitFileType = wrapper.application; includeInIndex = 0; path = "MVC App.app"; sourceTree = BUILT_PRODUCTS_DIR; };
		18E8B56D28B66FBA001A11BC /* AppDelegate.swift */ = {isa = PBXFileReference; lastKnownFileType = sourcecode.swift; path = AppDelegate.swift; sourceTree = "<group>"; };
		18E8B56F28B66FBA001A11BC /* SceneDelegate.swift */ = {isa = PBXFileReference; lastKnownFileType = sourcecode.swift; path = SceneDelegate.swift; sourceTree = "<group>"; };
		18E8B57428B66FBA001A11BC /* Base */ = {isa = PBXFileReference; lastKnownFileType = file.storyboard; name = Base; path = Base.lproj/Main.storyboard; sourceTree = "<group>"; };
		18E8B57628B66FBC001A11BC /* Assets.xcassets */ = {isa = PBXFileReference; lastKnownFileType = folder.assetcatalog; path = Assets.xcassets; sourceTree = "<group>"; };
		18E8B57928B66FBC001A11BC /* Base */ = {isa = PBXFileReference; lastKnownFileType = file.storyboard; name = Base; path = Base.lproj/LaunchScreen.storyboard; sourceTree = "<group>"; };
		18E8B57B28B66FBC001A11BC /* Info.plist */ = {isa = PBXFileReference; lastKnownFileType = text.plist.xml; path = Info.plist; sourceTree = "<group>"; };
		18E8B58628B67333001A11BC /* DataMeals.swift */ = {isa = PBXFileReference; lastKnownFileType = sourcecode.swift; path = DataMeals.swift; sourceTree = "<group>"; };
		18E8B58828B6737D001A11BC /* Meal.swift */ = {isa = PBXFileReference; lastKnownFileType = sourcecode.swift; path = Meal.swift; sourceTree = "<group>"; };
		18E8B58A28B67628001A11BC /* Feedback.swift */ = {isa = PBXFileReference; lastKnownFileType = sourcecode.swift; path = Feedback.swift; sourceTree = "<group>"; };
		18E8B58C28B676EB001A11BC /* Mark.swift */ = {isa = PBXFileReference; lastKnownFileType = sourcecode.swift; path = Mark.swift; sourceTree = "<group>"; };
		18E8B59028B6839A001A11BC /* MealsTableViewController.swift */ = {isa = PBXFileReference; lastKnownFileType = sourcecode.swift; path = MealsTableViewController.swift; sourceTree = "<group>"; };
		18E8B59728B68508001A11BC /* MealTableViewCell.swift */ = {isa = PBXFileReference; lastKnownFileType = sourcecode.swift; path = MealTableViewCell.swift; sourceTree = "<group>"; };
		18E8B59828B68508001A11BC /* MealTableViewCell.xib */ = {isa = PBXFileReference; lastKnownFileType = file.xib; path = MealTableViewCell.xib; sourceTree = "<group>"; };
		18E8B59D28B69C60001A11BC /* DetailMealViewController.swift */ = {isa = PBXFileReference; lastKnownFileType = sourcecode.swift; path = DetailMealViewController.swift; sourceTree = "<group>"; };
		18E8B59F28B6B0E4001A11BC /* FeedbackViewController.swift */ = {isa = PBXFileReference; lastKnownFileType = sourcecode.swift; path = FeedbackViewController.swift; sourceTree = "<group>"; };
		18E8B5A428B79277001A11BC /* ReviewTableViewController.swift */ = {isa = PBXFileReference; lastKnownFileType = sourcecode.swift; path = ReviewTableViewController.swift; sourceTree = "<group>"; };
		18E8B5A628B7930E001A11BC /* ReviewTableViewCell.swift */ = {isa = PBXFileReference; lastKnownFileType = sourcecode.swift; path = ReviewTableViewCell.swift; sourceTree = "<group>"; };
		18E8B5A728B7930E001A11BC /* ReviewTableViewCell.xib */ = {isa = PBXFileReference; lastKnownFileType = file.xib; path = ReviewTableViewCell.xib; sourceTree = "<group>"; };
		18E8B5AB28B7D3AD001A11BC /* DetailReviewViewController.swift */ = {isa = PBXFileReference; lastKnownFileType = sourcecode.swift; path = DetailReviewViewController.swift; sourceTree = "<group>"; };
/* End PBXFileReference section */

/* Begin PBXFrameworksBuildPhase section */
		18E8B56728B66FBA001A11BC /* Frameworks */ = {
			isa = PBXFrameworksBuildPhase;
			buildActionMask = 2147483647;
			files = (
			);
			runOnlyForDeploymentPostprocessing = 0;
		};
/* End PBXFrameworksBuildPhase section */

/* Begin PBXGroup section */
		18E8B56128B66FBA001A11BC = {
			isa = PBXGroup;
			children = (
				18E8B56C28B66FBA001A11BC /* MVC App */,
				18E8B58128B670A7001A11BC /* Delegates */,
				18E8B56B28B66FBA001A11BC /* Products */,
			);
			sourceTree = "<group>";
		};
		18E8B56B28B66FBA001A11BC /* Products */ = {
			isa = PBXGroup;
			children = (
				18E8B56A28B66FBA001A11BC /* MVC App.app */,
			);
			name = Products;
			sourceTree = "<group>";
		};
		18E8B56C28B66FBA001A11BC /* MVC App */ = {
			isa = PBXGroup;
			children = (
				18E8B58428B670CD001A11BC /* Models */,
				18E8B58528B670E0001A11BC /* Data Meals */,
				18E8B58228B670AE001A11BC /* Controllers */,
				18E8B58328B670BB001A11BC /* Views */,
				18E8B57628B66FBC001A11BC /* Assets.xcassets */,
				18E8B57B28B66FBC001A11BC /* Info.plist */,
			);
			path = "MVC App";
			sourceTree = "<group>";
		};
		18E8B58128B670A7001A11BC /* Delegates */ = {
			isa = PBXGroup;
			children = (
				18E8B56D28B66FBA001A11BC /* AppDelegate.swift */,
				18E8B56F28B66FBA001A11BC /* SceneDelegate.swift */,
			);
			path = Delegates;
			sourceTree = "<group>";
		};
		18E8B58228B670AE001A11BC /* Controllers */ = {
			isa = PBXGroup;
			children = (
				18E8B59228B683D5001A11BC /* Meals */,
				18E8B59328B683EC001A11BC /* DetailMeal */,
				18E8B59428B683F6001A11BC /* Feedback */,
				18E8B5A128B7922C001A11BC /* Reviews */,
				18E8B5AA28B7D383001A11BC /* Detail Review */,
			);
			path = Controllers;
			sourceTree = "<group>";
		};
		18E8B58328B670BB001A11BC /* Views */ = {
			isa = PBXGroup;
			children = (
				18E8B57328B66FBA001A11BC /* Main.storyboard */,
				18E8B57828B66FBC001A11BC /* LaunchScreen.storyboard */,
			);
			path = Views;
			sourceTree = "<group>";
		};
		18E8B58428B670CD001A11BC /* Models */ = {
			isa = PBXGroup;
			children = (
				18E8B58828B6737D001A11BC /* Meal.swift */,
				18E8B58A28B67628001A11BC /* Feedback.swift */,
				18E8B58C28B676EB001A11BC /* Mark.swift */,
			);
			path = Models;
			sourceTree = "<group>";
		};
		18E8B58528B670E0001A11BC /* Data Meals */ = {
			isa = PBXGroup;
			children = (
				18E8B58628B67333001A11BC /* DataMeals.swift */,
			);
			path = "Data Meals";
			sourceTree = "<group>";
		};
		18E8B59228B683D5001A11BC /* Meals */ = {
			isa = PBXGroup;
			children = (
				18E8B59528B684CA001A11BC /* Controllers */,
				18E8B59628B684D5001A11BC /* Cell View */,
			);
			path = Meals;
			sourceTree = "<group>";
		};
		18E8B59328B683EC001A11BC /* DetailMeal */ = {
			isa = PBXGroup;
			children = (
				18E8B59D28B69C60001A11BC /* DetailMealViewController.swift */,
			);
			path = DetailMeal;
			sourceTree = "<group>";
		};
		18E8B59428B683F6001A11BC /* Feedback */ = {
			isa = PBXGroup;
			children = (
				18E8B59F28B6B0E4001A11BC /* FeedbackViewController.swift */,
			);
			path = Feedback;
			sourceTree = "<group>";
		};
		18E8B59528B684CA001A11BC /* Controllers */ = {
			isa = PBXGroup;
			children = (
				18E8B59028B6839A001A11BC /* MealsTableViewController.swift */,
			);
			path = Controllers;
			sourceTree = "<group>";
		};
		18E8B59628B684D5001A11BC /* Cell View */ = {
			isa = PBXGroup;
			children = (
				18E8B59728B68508001A11BC /* MealTableViewCell.swift */,
				18E8B59828B68508001A11BC /* MealTableViewCell.xib */,
			);
			path = "Cell View";
			sourceTree = "<group>";
		};
		18E8B5A128B7922C001A11BC /* Reviews */ = {
			isa = PBXGroup;
			children = (
				18E8B5A228B79237001A11BC /* Controllers */,
				18E8B5A328B79253001A11BC /* Cell View */,
			);
			path = Reviews;
			sourceTree = "<group>";
		};
		18E8B5A228B79237001A11BC /* Controllers */ = {
			isa = PBXGroup;
			children = (
				18E8B5A428B79277001A11BC /* ReviewTableViewController.swift */,
			);
			path = Controllers;
			sourceTree = "<group>";
		};
		18E8B5A328B79253001A11BC /* Cell View */ = {
			isa = PBXGroup;
			children = (
				18E8B5A628B7930E001A11BC /* ReviewTableViewCell.swift */,
				18E8B5A728B7930E001A11BC /* ReviewTableViewCell.xib */,
			);
			path = "Cell View";
			sourceTree = "<group>";
		};
		18E8B5AA28B7D383001A11BC /* Detail Review */ = {
			isa = PBXGroup;
			children = (
				18E8B5AB28B7D3AD001A11BC /* DetailReviewViewController.swift */,
			);
			path = "Detail Review";
			sourceTree = "<group>";
		};
/* End PBXGroup section */

/* Begin PBXNativeTarget section */
		18E8B56928B66FBA001A11BC /* MVC App */ = {
			isa = PBXNativeTarget;
			buildConfigurationList = 18E8B57E28B66FBC001A11BC /* Build configuration list for PBXNativeTarget "MVC App" */;
			buildPhases = (
				18E8B56628B66FBA001A11BC /* Sources */,
				18E8B56728B66FBA001A11BC /* Frameworks */,
				18E8B56828B66FBA001A11BC /* Resources */,
			);
			buildRules = (
			);
			dependencies = (
			);
			name = "MVC App";
			productName = "MVC App";
			productReference = 18E8B56A28B66FBA001A11BC /* MVC App.app */;
			productType = "com.apple.product-type.application";
		};
/* End PBXNativeTarget section */

/* Begin PBXProject section */
		18E8B56228B66FBA001A11BC /* Project object */ = {
			isa = PBXProject;
			attributes = {
				BuildIndependentTargetsInParallel = 1;
				LastSwiftUpdateCheck = 1340;
				LastUpgradeCheck = 1340;
				TargetAttributes = {
					18E8B56928B66FBA001A11BC = {
						CreatedOnToolsVersion = 13.4.1;
					};
				};
			};
			buildConfigurationList = 18E8B56528B66FBA001A11BC /* Build configuration list for PBXProject "MVC App" */;
			compatibilityVersion = "Xcode 13.0";
			developmentRegion = en;
			hasScannedForEncodings = 0;
			knownRegions = (
				en,
				Base,
			);
			mainGroup = 18E8B56128B66FBA001A11BC;
			productRefGroup = 18E8B56B28B66FBA001A11BC /* Products */;
			projectDirPath = "";
			projectRoot = "";
			targets = (
				18E8B56928B66FBA001A11BC /* MVC App */,
			);
		};
/* End PBXProject section */

/* Begin PBXResourcesBuildPhase section */
		18E8B56828B66FBA001A11BC /* Resources */ = {
			isa = PBXResourcesBuildPhase;
			buildActionMask = 2147483647;
			files = (
				18E8B59A28B68508001A11BC /* MealTableViewCell.xib in Resources */,
				18E8B57A28B66FBC001A11BC /* LaunchScreen.storyboard in Resources */,
				18E8B57728B66FBC001A11BC /* Assets.xcassets in Resources */,
				18E8B5A928B7930E001A11BC /* ReviewTableViewCell.xib in Resources */,
				18E8B57528B66FBA001A11BC /* Main.storyboard in Resources */,
			);
			runOnlyForDeploymentPostprocessing = 0;
		};
/* End PBXResourcesBuildPhase section */

/* Begin PBXSourcesBuildPhase section */
		18E8B56628B66FBA001A11BC /* Sources */ = {
			isa = PBXSourcesBuildPhase;
			buildActionMask = 2147483647;
			files = (
				18E8B58928B6737D001A11BC /* Meal.swift in Sources */,
				18E8B5A828B7930E001A11BC /* ReviewTableViewCell.swift in Sources */,
				18E8B58B28B67628001A11BC /* Feedback.swift in Sources */,
				18E8B58D28B676EB001A11BC /* Mark.swift in Sources */,
				18E8B5A028B6B0E4001A11BC /* FeedbackViewController.swift in Sources */,
				18E8B5AC28B7D3AE001A11BC /* DetailReviewViewController.swift in Sources */,
				18E8B5A528B79277001A11BC /* ReviewTableViewController.swift in Sources */,
				18E8B59128B6839A001A11BC /* MealsTableViewController.swift in Sources */,
				18E8B59928B68508001A11BC /* MealTableViewCell.swift in Sources */,
				18E8B56E28B66FBA001A11BC /* AppDelegate.swift in Sources */,
				18E8B58728B67333001A11BC /* DataMeals.swift in Sources */,
				18E8B57028B66FBA001A11BC /* SceneDelegate.swift in Sources */,
				18E8B59E28B69C60001A11BC /* DetailMealViewController.swift in Sources */,
			);
			runOnlyForDeploymentPostprocessing = 0;
		};
/* End PBXSourcesBuildPhase section */

/* Begin PBXVariantGroup section */
		18E8B57328B66FBA001A11BC /* Main.storyboard */ = {
			isa = PBXVariantGroup;
			children = (
				18E8B57428B66FBA001A11BC /* Base */,
			);
			name = Main.storyboard;
			sourceTree = "<group>";
		};
		18E8B57828B66FBC001A11BC /* LaunchScreen.storyboard */ = {
			isa = PBXVariantGroup;
			children = (
				18E8B57928B66FBC001A11BC /* Base */,
			);
			name = LaunchScreen.storyboard;
			sourceTree = "<group>";
		};
/* End PBXVariantGroup section */

/* Begin XCBuildConfiguration section */
		18E8B57C28B66FBC001A11BC /* Debug */ = {
			isa = XCBuildConfiguration;
			buildSettings = {
				ALWAYS_SEARCH_USER_PATHS = NO;
				CLANG_ANALYZER_NONNULL = YES;
				CLANG_ANALYZER_NUMBER_OBJECT_CONVERSION = YES_AGGRESSIVE;
				CLANG_CXX_LANGUAGE_STANDARD = "gnu++17";
				CLANG_ENABLE_MODULES = YES;
				CLANG_ENABLE_OBJC_ARC = YES;
				CLANG_ENABLE_OBJC_WEAK = YES;
				CLANG_WARN_BLOCK_CAPTURE_AUTORELEASING = YES;
				CLANG_WARN_BOOL_CONVERSION = YES;
				CLANG_WARN_COMMA = YES;
				CLANG_WARN_CONSTANT_CONVERSION = YES;
				CLANG_WARN_DEPRECATED_OBJC_IMPLEMENTATIONS = YES;
				CLANG_WARN_DIRECT_OBJC_ISA_USAGE = YES_ERROR;
				CLANG_WARN_DOCUMENTATION_COMMENTS = YES;
				CLANG_WARN_EMPTY_BODY = YES;
				CLANG_WARN_ENUM_CONVERSION = YES;
				CLANG_WARN_INFINITE_RECURSION = YES;
				CLANG_WARN_INT_CONVERSION = YES;
				CLANG_WARN_NON_LITERAL_NULL_CONVERSION = YES;
				CLANG_WARN_OBJC_IMPLICIT_RETAIN_SELF = YES;
				CLANG_WARN_OBJC_LITERAL_CONVERSION = YES;
				CLANG_WARN_OBJC_ROOT_CLASS = YES_ERROR;
				CLANG_WARN_QUOTED_INCLUDE_IN_FRAMEWORK_HEADER = YES;
				CLANG_WARN_RANGE_LOOP_ANALYSIS = YES;
				CLANG_WARN_STRICT_PROTOTYPES = YES;
				CLANG_WARN_SUSPICIOUS_MOVE = YES;
				CLANG_WARN_UNGUARDED_AVAILABILITY = YES_AGGRESSIVE;
				CLANG_WARN_UNREACHABLE_CODE = YES;
				CLANG_WARN__DUPLICATE_METHOD_MATCH = YES;
				COPY_PHASE_STRIP = NO;
				DEBUG_INFORMATION_FORMAT = dwarf;
				ENABLE_STRICT_OBJC_MSGSEND = YES;
				ENABLE_TESTABILITY = YES;
				GCC_C_LANGUAGE_STANDARD = gnu11;
				GCC_DYNAMIC_NO_PIC = NO;
				GCC_NO_COMMON_BLOCKS = YES;
				GCC_OPTIMIZATION_LEVEL = 0;
				GCC_PREPROCESSOR_DEFINITIONS = (
					"DEBUG=1",
					"$(inherited)",
				);
				GCC_WARN_64_TO_32_BIT_CONVERSION = YES;
				GCC_WARN_ABOUT_RETURN_TYPE = YES_ERROR;
				GCC_WARN_UNDECLARED_SELECTOR = YES;
				GCC_WARN_UNINITIALIZED_AUTOS = YES_AGGRESSIVE;
				GCC_WARN_UNUSED_FUNCTION = YES;
				GCC_WARN_UNUSED_VARIABLE = YES;
				IPHONEOS_DEPLOYMENT_TARGET = 15.5;
				MTL_ENABLE_DEBUG_INFO = INCLUDE_SOURCE;
				MTL_FAST_MATH = YES;
				ONLY_ACTIVE_ARCH = YES;
				SDKROOT = iphoneos;
				SWIFT_ACTIVE_COMPILATION_CONDITIONS = DEBUG;
				SWIFT_OPTIMIZATION_LEVEL = "-Onone";
			};
			name = Debug;
		};
		18E8B57D28B66FBC001A11BC /* Release */ = {
			isa = XCBuildConfiguration;
			buildSettings = {
				ALWAYS_SEARCH_USER_PATHS = NO;
				CLANG_ANALYZER_NONNULL = YES;
				CLANG_ANALYZER_NUMBER_OBJECT_CONVERSION = YES_AGGRESSIVE;
				CLANG_CXX_LANGUAGE_STANDARD = "gnu++17";
				CLANG_ENABLE_MODULES = YES;
				CLANG_ENABLE_OBJC_ARC = YES;
				CLANG_ENABLE_OBJC_WEAK = YES;
				CLANG_WARN_BLOCK_CAPTURE_AUTORELEASING = YES;
				CLANG_WARN_BOOL_CONVERSION = YES;
				CLANG_WARN_COMMA = YES;
				CLANG_WARN_CONSTANT_CONVERSION = YES;
				CLANG_WARN_DEPRECATED_OBJC_IMPLEMENTATIONS = YES;
				CLANG_WARN_DIRECT_OBJC_ISA_USAGE = YES_ERROR;
				CLANG_WARN_DOCUMENTATION_COMMENTS = YES;
				CLANG_WARN_EMPTY_BODY = YES;
				CLANG_WARN_ENUM_CONVERSION = YES;
				CLANG_WARN_INFINITE_RECURSION = YES;
				CLANG_WARN_INT_CONVERSION = YES;
				CLANG_WARN_NON_LITERAL_NULL_CONVERSION = YES;
				CLANG_WARN_OBJC_IMPLICIT_RETAIN_SELF = YES;
				CLANG_WARN_OBJC_LITERAL_CONVERSION = YES;
				CLANG_WARN_OBJC_ROOT_CLASS = YES_ERROR;
				CLANG_WARN_QUOTED_INCLUDE_IN_FRAMEWORK_HEADER = YES;
				CLANG_WARN_RANGE_LOOP_ANALYSIS = YES;
				CLANG_WARN_STRICT_PROTOTYPES = YES;
				CLANG_WARN_SUSPICIOUS_MOVE = YES;
				CLANG_WARN_UNGUARDED_AVAILABILITY = YES_AGGRESSIVE;
				CLANG_WARN_UNREACHABLE_CODE = YES;
				CLANG_WARN__DUPLICATE_METHOD_MATCH = YES;
				COPY_PHASE_STRIP = NO;
				DEBUG_INFORMATION_FORMAT = "dwarf-with-dsym";
				ENABLE_NS_ASSERTIONS = NO;
				ENABLE_STRICT_OBJC_MSGSEND = YES;
				GCC_C_LANGUAGE_STANDARD = gnu11;
				GCC_NO_COMMON_BLOCKS = YES;
				GCC_WARN_64_TO_32_BIT_CONVERSION = YES;
				GCC_WARN_ABOUT_RETURN_TYPE = YES_ERROR;
				GCC_WARN_UNDECLARED_SELECTOR = YES;
				GCC_WARN_UNINITIALIZED_AUTOS = YES_AGGRESSIVE;
				GCC_WARN_UNUSED_FUNCTION = YES;
				GCC_WARN_UNUSED_VARIABLE = YES;
				IPHONEOS_DEPLOYMENT_TARGET = 15.5;
				MTL_ENABLE_DEBUG_INFO = NO;
				MTL_FAST_MATH = YES;
				SDKROOT = iphoneos;
				SWIFT_COMPILATION_MODE = wholemodule;
				SWIFT_OPTIMIZATION_LEVEL = "-O";
				VALIDATE_PRODUCT = YES;
			};
			name = Release;
		};
		18E8B57F28B66FBC001A11BC /* Debug */ = {
			isa = XCBuildConfiguration;
			buildSettings = {
				ASSETCATALOG_COMPILER_APPICON_NAME = AppIcon;
				ASSETCATALOG_COMPILER_GLOBAL_ACCENT_COLOR_NAME = AccentColor;
				CODE_SIGN_STYLE = Automatic;
				CURRENT_PROJECT_VERSION = 1;
				DEVELOPMENT_TEAM = H568TQC48W;
				GENERATE_INFOPLIST_FILE = YES;
				INFOPLIST_FILE = "MVC App/Info.plist";
				INFOPLIST_KEY_UIApplicationSupportsIndirectInputEvents = YES;
				INFOPLIST_KEY_UILaunchStoryboardName = LaunchScreen;
				INFOPLIST_KEY_UIMainStoryboardFile = Main;
				INFOPLIST_KEY_UISupportedInterfaceOrientations_iPad = "UIInterfaceOrientationPortrait UIInterfaceOrientationPortraitUpsideDown UIInterfaceOrientationLandscapeLeft UIInterfaceOrientationLandscapeRight";
				INFOPLIST_KEY_UISupportedInterfaceOrientations_iPhone = "UIInterfaceOrientationPortrait UIInterfaceOrientationLandscapeLeft UIInterfaceOrientationLandscapeRight";
				LD_RUNPATH_SEARCH_PATHS = (
					"$(inherited)",
					"@executable_path/Frameworks",
				);
				MARKETING_VERSION = 1.0;
				PRODUCT_BUNDLE_IDENTIFIER = "KA.MVC-App";
				PRODUCT_NAME = "$(TARGET_NAME)";
				SWIFT_EMIT_LOC_STRINGS = YES;
				SWIFT_VERSION = 5.0;
				TARGETED_DEVICE_FAMILY = "1,2";
			};
			name = Debug;
		};
		18E8B58028B66FBC001A11BC /* Release */ = {
			isa = XCBuildConfiguration;
			buildSettings = {
				ASSETCATALOG_COMPILER_APPICON_NAME = AppIcon;
				ASSETCATALOG_COMPILER_GLOBAL_ACCENT_COLOR_NAME = AccentColor;
				CODE_SIGN_STYLE = Automatic;
				CURRENT_PROJECT_VERSION = 1;
				DEVELOPMENT_TEAM = H568TQC48W;
				GENERATE_INFOPLIST_FILE = YES;
				INFOPLIST_FILE = "MVC App/Info.plist";
				INFOPLIST_KEY_UIApplicationSupportsIndirectInputEvents = YES;
				INFOPLIST_KEY_UILaunchStoryboardName = LaunchScreen;
				INFOPLIST_KEY_UIMainStoryboardFile = Main;
				INFOPLIST_KEY_UISupportedInterfaceOrientations_iPad = "UIInterfaceOrientationPortrait UIInterfaceOrientationPortraitUpsideDown UIInterfaceOrientationLandscapeLeft UIInterfaceOrientationLandscapeRight";
				INFOPLIST_KEY_UISupportedInterfaceOrientations_iPhone = "UIInterfaceOrientationPortrait UIInterfaceOrientationLandscapeLeft UIInterfaceOrientationLandscapeRight";
				LD_RUNPATH_SEARCH_PATHS = (
					"$(inherited)",
					"@executable_path/Frameworks",
				);
				MARKETING_VERSION = 1.0;
				PRODUCT_BUNDLE_IDENTIFIER = "KA.MVC-App";
				PRODUCT_NAME = "$(TARGET_NAME)";
				SWIFT_EMIT_LOC_STRINGS = YES;
				SWIFT_VERSION = 5.0;
				TARGETED_DEVICE_FAMILY = "1,2";
			};
			name = Release;
		};
/* End XCBuildConfiguration section */

/* Begin XCConfigurationList section */
		18E8B56528B66FBA001A11BC /* Build configuration list for PBXProject "MVC App" */ = {
			isa = XCConfigurationList;
			buildConfigurations = (
				18E8B57C28B66FBC001A11BC /* Debug */,
				18E8B57D28B66FBC001A11BC /* Release */,
			);
			defaultConfigurationIsVisible = 0;
			defaultConfigurationName = Release;
		};
		18E8B57E28B66FBC001A11BC /* Build configuration list for PBXNativeTarget "MVC App" */ = {
			isa = XCConfigurationList;
			buildConfigurations = (
				18E8B57F28B66FBC001A11BC /* Debug */,
				18E8B58028B66FBC001A11BC /* Release */,
			);
			defaultConfigurationIsVisible = 0;
			defaultConfigurationName = Release;
		};
/* End XCConfigurationList section */
	};
	rootObject = 18E8B56228B66FBA001A11BC /* Project object */;
}
